// !$*UTF8*$!
{
	archiveVersion = 1;
	classes = {
	};
	objectVersion = 50;
	objects = {

/* Begin PBXBuildFile section */
		2D3601AF2559231B009E4388 /* AppDelegate.swift in Sources */ = {isa = PBXBuildFile; fileRef = 2D3601AE2559231B009E4388 /* AppDelegate.swift */; };
		2D3601B12559231B009E4388 /* SceneDelegate.swift in Sources */ = {isa = PBXBuildFile; fileRef = 2D3601B02559231B009E4388 /* SceneDelegate.swift */; };
		2D3601B32559231B009E4388 /* ContentController.swift in Sources */ = {isa = PBXBuildFile; fileRef = 2D3601B22559231B009E4388 /* ContentController.swift */; };
		2D3601B62559231B009E4388 /* Main.storyboard in Resources */ = {isa = PBXBuildFile; fileRef = 2D3601B42559231B009E4388 /* Main.storyboard */; };
		2D3601B82559231D009E4388 /* Assets.xcassets in Resources */ = {isa = PBXBuildFile; fileRef = 2D3601B72559231D009E4388 /* Assets.xcassets */; };
		2D3601BB2559231D009E4388 /* LaunchScreen.storyboard in Resources */ = {isa = PBXBuildFile; fileRef = 2D3601B92559231D009E4388 /* LaunchScreen.storyboard */; };
		2D3601C425592412009E4388 /* ImageCollectionViewCell.swift in Sources */ = {isa = PBXBuildFile; fileRef = 2D3601C325592412009E4388 /* ImageCollectionViewCell.swift */; };
		2D3601C7255926A1009E4388 /* StorageManager.swift in Sources */ = {isa = PBXBuildFile; fileRef = 2D3601C6255926A1009E4388 /* StorageManager.swift */; };
		2D3601CB2559559B009E4388 /* PageController.swift in Sources */ = {isa = PBXBuildFile; fileRef = 2D3601CA2559559B009E4388 /* PageController.swift */; };
		2D3601CF25595686009E4388 /* Constant.swift in Sources */ = {isa = PBXBuildFile; fileRef = 2D3601CE25595686009E4388 /* Constant.swift */; };
		2DE0D798255963F3000A29E0 /* UIImage.swift in Sources */ = {isa = PBXBuildFile; fileRef = 2DE0D797255963F3000A29E0 /* UIImage.swift */; };
/* End PBXBuildFile section */

/* Begin PBXFileReference section */
		2D3601AB2559231B009E4388 /* elisoft-test.app */ = {isa = PBXFileReference; explicitFileType = wrapper.application; includeInIndex = 0; path = "elisoft-test.app"; sourceTree = BUILT_PRODUCTS_DIR; };
		2D3601AE2559231B009E4388 /* AppDelegate.swift */ = {isa = PBXFileReference; lastKnownFileType = sourcecode.swift; path = AppDelegate.swift; sourceTree = "<group>"; };
		2D3601B02559231B009E4388 /* SceneDelegate.swift */ = {isa = PBXFileReference; lastKnownFileType = sourcecode.swift; path = SceneDelegate.swift; sourceTree = "<group>"; };
		2D3601B22559231B009E4388 /* ContentController.swift */ = {isa = PBXFileReference; lastKnownFileType = sourcecode.swift; path = ContentController.swift; sourceTree = "<group>"; };
		2D3601B52559231B009E4388 /* Base */ = {isa = PBXFileReference; lastKnownFileType = file.storyboard; name = Base; path = Base.lproj/Main.storyboard; sourceTree = "<group>"; };
		2D3601B72559231D009E4388 /* Assets.xcassets */ = {isa = PBXFileReference; lastKnownFileType = folder.assetcatalog; path = Assets.xcassets; sourceTree = "<group>"; };
		2D3601BA2559231D009E4388 /* Base */ = {isa = PBXFileReference; lastKnownFileType = file.storyboard; name = Base; path = Base.lproj/LaunchScreen.storyboard; sourceTree = "<group>"; };
		2D3601BC2559231D009E4388 /* Info.plist */ = {isa = PBXFileReference; lastKnownFileType = text.plist.xml; path = Info.plist; sourceTree = "<group>"; };
		2D3601C325592412009E4388 /* ImageCollectionViewCell.swift */ = {isa = PBXFileReference; lastKnownFileType = sourcecode.swift; path = ImageCollectionViewCell.swift; sourceTree = "<group>"; };
		2D3601C6255926A1009E4388 /* StorageManager.swift */ = {isa = PBXFileReference; lastKnownFileType = sourcecode.swift; path = StorageManager.swift; sourceTree = "<group>"; };
		2D3601CA2559559B009E4388 /* PageController.swift */ = {isa = PBXFileReference; lastKnownFileType = sourcecode.swift; path = PageController.swift; sourceTree = "<group>"; };
		2D3601CE25595686009E4388 /* Constant.swift */ = {isa = PBXFileReference; lastKnownFileType = sourcecode.swift; path = Constant.swift; sourceTree = "<group>"; };
		2DE0D797255963F3000A29E0 /* UIImage.swift */ = {isa = PBXFileReference; lastKnownFileType = sourcecode.swift; path = UIImage.swift; sourceTree = "<group>"; };
/* End PBXFileReference section */

/* Begin PBXFrameworksBuildPhase section */
		2D3601A82559231B009E4388 /* Frameworks */ = {
			isa = PBXFrameworksBuildPhase;
			buildActionMask = 2147483647;
			files = (
			);
			runOnlyForDeploymentPostprocessing = 0;
		};
/* End PBXFrameworksBuildPhase section */

/* Begin PBXGroup section */
		2D3601A22559231B009E4388 = {
			isa = PBXGroup;
			children = (
				2D3601AD2559231B009E4388 /* elisoft-test */,
				2D3601AC2559231B009E4388 /* Products */,
			);
			sourceTree = "<group>";
		};
		2D3601AC2559231B009E4388 /* Products */ = {
			isa = PBXGroup;
			children = (
				2D3601AB2559231B009E4388 /* elisoft-test.app */,
			);
			name = Products;
			sourceTree = "<group>";
		};
		2D3601AD2559231B009E4388 /* elisoft-test */ = {
			isa = PBXGroup;
			children = (
				2DE0D796255963E2000A29E0 /* Core */,
				2DE0D79A2559642C000A29E0 /* Controllers */,
				2DE0D79B25596441000A29E0 /* Views */,
				2D3601AE2559231B009E4388 /* AppDelegate.swift */,
				2D3601B02559231B009E4388 /* SceneDelegate.swift */,
				2D3601CE25595686009E4388 /* Constant.swift */,
				2D3601B72559231D009E4388 /* Assets.xcassets */,
				2D3601B92559231D009E4388 /* LaunchScreen.storyboard */,
				2D3601BC2559231D009E4388 /* Info.plist */,
			);
			path = "elisoft-test";
			sourceTree = "<group>";
		};
		2DE0D796255963E2000A29E0 /* Core */ = {
			isa = PBXGroup;
			children = (
				2D3601C6255926A1009E4388 /* StorageManager.swift */,
				2DE0D797255963F3000A29E0 /* UIImage.swift */,
			);
			path = Core;
			sourceTree = "<group>";
		};
		2DE0D79A2559642C000A29E0 /* Controllers */ = {
			isa = PBXGroup;
			children = (
				2D3601CA2559559B009E4388 /* PageController.swift */,
				2D3601B22559231B009E4388 /* ContentController.swift */,
			);
			path = Controllers;
			sourceTree = "<group>";
		};
		2DE0D79B25596441000A29E0 /* Views */ = {
			isa = PBXGroup;
			children = (
				2D3601C325592412009E4388 /* ImageCollectionViewCell.swift */,
				2D3601B42559231B009E4388 /* Main.storyboard */,
			);
			path = Views;
			sourceTree = "<group>";
		};
/* End PBXGroup section */

/* Begin PBXNativeTarget section */
		2D3601AA2559231B009E4388 /* elisoft-test */ = {
			isa = PBXNativeTarget;
			buildConfigurationList = 2D3601BF2559231D009E4388 /* Build configuration list for PBXNativeTarget "elisoft-test" */;
			buildPhases = (
				2D3601A72559231B009E4388 /* Sources */,
				2D3601A82559231B009E4388 /* Frameworks */,
				2D3601A92559231B009E4388 /* Resources */,
			);
			buildRules = (
			);
			dependencies = (
			);
			name = "elisoft-test";
			productName = "elisoft-test";
			productReference = 2D3601AB2559231B009E4388 /* elisoft-test.app */;
			productType = "com.apple.product-type.application";
		};
/* End PBXNativeTarget section */

/* Begin PBXProject section */
		2D3601A32559231B009E4388 /* Project object */ = {
			isa = PBXProject;
			attributes = {
				LastSwiftUpdateCheck = 1200;
				LastUpgradeCheck = 1200;
				TargetAttributes = {
					2D3601AA2559231B009E4388 = {
						CreatedOnToolsVersion = 12.0;
					};
				};
			};
			buildConfigurationList = 2D3601A62559231B009E4388 /* Build configuration list for PBXProject "elisoft-test" */;
			compatibilityVersion = "Xcode 9.3";
			developmentRegion = en;
			hasScannedForEncodings = 0;
			knownRegions = (
				en,
				Base,
			);
			mainGroup = 2D3601A22559231B009E4388;
			productRefGroup = 2D3601AC2559231B009E4388 /* Products */;
			projectDirPath = "";
			projectRoot = "";
			targets = (
				2D3601AA2559231B009E4388 /* elisoft-test */,
			);
		};
/* End PBXProject section */

/* Begin PBXResourcesBuildPhase section */
		2D3601A92559231B009E4388 /* Resources */ = {
			isa = PBXResourcesBuildPhase;
			buildActionMask = 2147483647;
			files = (
				2D3601BB2559231D009E4388 /* LaunchScreen.storyboard in Resources */,
				2D3601B82559231D009E4388 /* Assets.xcassets in Resources */,
				2D3601B62559231B009E4388 /* Main.storyboard in Resources */,
			);
			runOnlyForDeploymentPostprocessing = 0;
		};
/* End PBXResourcesBuildPhase section */

/* Begin PBXSourcesBuildPhase section */
		2D3601A72559231B009E4388 /* Sources */ = {
			isa = PBXSourcesBuildPhase;
			buildActionMask = 2147483647;
			files = (
				2D3601CF25595686009E4388 /* Constant.swift in Sources */,
				2DE0D798255963F3000A29E0 /* UIImage.swift in Sources */,
				2D3601B32559231B009E4388 /* ContentController.swift in Sources */,
				2D3601AF2559231B009E4388 /* AppDelegate.swift in Sources */,
				2D3601CB2559559B009E4388 /* PageController.swift in Sources */,
				2D3601C7255926A1009E4388 /* StorageManager.swift in Sources */,
				2D3601C425592412009E4388 /* ImageCollectionViewCell.swift in Sources */,
				2D3601B12559231B009E4388 /* SceneDelegate.swift in Sources */,
			);
			runOnlyForDeploymentPostprocessing = 0;
		};
/* End PBXSourcesBuildPhase section */

/* Begin PBXVariantGroup section */
		2D3601B42559231B009E4388 /* Main.storyboard */ = {
			isa = PBXVariantGroup;
			children = (
				2D3601B52559231B009E4388 /* Base */,
			);
			name = Main.storyboard;
			sourceTree = "<group>";
		};
		2D3601B92559231D009E4388 /* LaunchScreen.storyboard */ = {
			isa = PBXVariantGroup;
			children = (
				2D3601BA2559231D009E4388 /* Base */,
			);
			name = LaunchScreen.storyboard;
			sourceTree = "<group>";
		};
/* End PBXVariantGroup section */

/* Begin XCBuildConfiguration section */
		2D3601BD2559231D009E4388 /* Debug */ = {
			isa = XCBuildConfiguration;
			buildSettings = {
				ALWAYS_SEARCH_USER_PATHS = NO;
				CLANG_ANALYZER_NONNULL = YES;
				CLANG_ANALYZER_NUMBER_OBJECT_CONVERSION = YES_AGGRESSIVE;
				CLANG_CXX_LANGUAGE_STANDARD = "gnu++14";
				CLANG_CXX_LIBRARY = "libc++";
				CLANG_ENABLE_MODULES = YES;
				CLANG_ENABLE_OBJC_ARC = YES;
				CLANG_ENABLE_OBJC_WEAK = YES;
				CLANG_WARN_BLOCK_CAPTURE_AUTORELEASING = YES;
				CLANG_WARN_BOOL_CONVERSION = YES;
				CLANG_WARN_COMMA = YES;
				CLANG_WARN_CONSTANT_CONVERSION = YES;
				CLANG_WARN_DEPRECATED_OBJC_IMPLEMENTATIONS = YES;
				CLANG_WARN_DIRECT_OBJC_ISA_USAGE = YES_ERROR;
				CLANG_WARN_DOCUMENTATION_COMMENTS = YES;
				CLANG_WARN_EMPTY_BODY = YES;
				CLANG_WARN_ENUM_CONVERSION = YES;
				CLANG_WARN_INFINITE_RECURSION = YES;
				CLANG_WARN_INT_CONVERSION = YES;
				CLANG_WARN_NON_LITERAL_NULL_CONVERSION = YES;
				CLANG_WARN_OBJC_IMPLICIT_RETAIN_SELF = YES;
				CLANG_WARN_OBJC_LITERAL_CONVERSION = YES;
				CLANG_WARN_OBJC_ROOT_CLASS = YES_ERROR;
				CLANG_WARN_QUOTED_INCLUDE_IN_FRAMEWORK_HEADER = YES;
				CLANG_WARN_RANGE_LOOP_ANALYSIS = YES;
				CLANG_WARN_STRICT_PROTOTYPES = YES;
				CLANG_WARN_SUSPICIOUS_MOVE = YES;
				CLANG_WARN_UNGUARDED_AVAILABILITY = YES_AGGRESSIVE;
				CLANG_WARN_UNREACHABLE_CODE = YES;
				CLANG_WARN__DUPLICATE_METHOD_MATCH = YES;
				COPY_PHASE_STRIP = NO;
				DEBUG_INFORMATION_FORMAT = dwarf;
				ENABLE_STRICT_OBJC_MSGSEND = YES;
				ENABLE_TESTABILITY = YES;
				GCC_C_LANGUAGE_STANDARD = gnu11;
				GCC_DYNAMIC_NO_PIC = NO;
				GCC_NO_COMMON_BLOCKS = YES;
				GCC_OPTIMIZATION_LEVEL = 0;
				GCC_PREPROCESSOR_DEFINITIONS = (
					"DEBUG=1",
					"$(inherited)",
				);
				GCC_WARN_64_TO_32_BIT_CONVERSION = YES;
				GCC_WARN_ABOUT_RETURN_TYPE = YES_ERROR;
				GCC_WARN_UNDECLARED_SELECTOR = YES;
				GCC_WARN_UNINITIALIZED_AUTOS = YES_AGGRESSIVE;
				GCC_WARN_UNUSED_FUNCTION = YES;
				GCC_WARN_UNUSED_VARIABLE = YES;
				IPHONEOS_DEPLOYMENT_TARGET = 14.0;
				MTL_ENABLE_DEBUG_INFO = INCLUDE_SOURCE;
				MTL_FAST_MATH = YES;
				ONLY_ACTIVE_ARCH = YES;
				SDKROOT = iphoneos;
				SWIFT_ACTIVE_COMPILATION_CONDITIONS = DEBUG;
				SWIFT_OPTIMIZATION_LEVEL = "-Onone";
			};
			name = Debug;
		};
		2D3601BE2559231D009E4388 /* Release */ = {
			isa = XCBuildConfiguration;
			buildSettings = {
				ALWAYS_SEARCH_USER_PATHS = NO;
				CLANG_ANALYZER_NONNULL = YES;
				CLANG_ANALYZER_NUMBER_OBJECT_CONVERSION = YES_AGGRESSIVE;
				CLANG_CXX_LANGUAGE_STANDARD = "gnu++14";
				CLANG_CXX_LIBRARY = "libc++";
				CLANG_ENABLE_MODULES = YES;
				CLANG_ENABLE_OBJC_ARC = YES;
				CLANG_ENABLE_OBJC_WEAK = YES;
				CLANG_WARN_BLOCK_CAPTURE_AUTORELEASING = YES;
				CLANG_WARN_BOOL_CONVERSION = YES;
				CLANG_WARN_COMMA = YES;
				CLANG_WARN_CONSTANT_CONVERSION = YES;
				CLANG_WARN_DEPRECATED_OBJC_IMPLEMENTATIONS = YES;
				CLANG_WARN_DIRECT_OBJC_ISA_USAGE = YES_ERROR;
				CLANG_WARN_DOCUMENTATION_COMMENTS = YES;
				CLANG_WARN_EMPTY_BODY = YES;
				CLANG_WARN_ENUM_CONVERSION = YES;
				CLANG_WARN_INFINITE_RECURSION = YES;
				CLANG_WARN_INT_CONVERSION = YES;
				CLANG_WARN_NON_LITERAL_NULL_CONVERSION = YES;
				CLANG_WARN_OBJC_IMPLICIT_RETAIN_SELF = YES;
				CLANG_WARN_OBJC_LITERAL_CONVERSION = YES;
				CLANG_WARN_OBJC_ROOT_CLASS = YES_ERROR;
				CLANG_WARN_QUOTED_INCLUDE_IN_FRAMEWORK_HEADER = YES;
				CLANG_WARN_RANGE_LOOP_ANALYSIS = YES;
				CLANG_WARN_STRICT_PROTOTYPES = YES;
				CLANG_WARN_SUSPICIOUS_MOVE = YES;
				CLANG_WARN_UNGUARDED_AVAILABILITY = YES_AGGRESSIVE;
				CLANG_WARN_UNREACHABLE_CODE = YES;
				CLANG_WARN__DUPLICATE_METHOD_MATCH = YES;
				COPY_PHASE_STRIP = NO;
				DEBUG_INFORMATION_FORMAT = "dwarf-with-dsym";
				ENABLE_NS_ASSERTIONS = NO;
				ENABLE_STRICT_OBJC_MSGSEND = YES;
				GCC_C_LANGUAGE_STANDARD = gnu11;
				GCC_NO_COMMON_BLOCKS = YES;
				GCC_WARN_64_TO_32_BIT_CONVERSION = YES;
				GCC_WARN_ABOUT_RETURN_TYPE = YES_ERROR;
				GCC_WARN_UNDECLARED_SELECTOR = YES;
				GCC_WARN_UNINITIALIZED_AUTOS = YES_AGGRESSIVE;
				GCC_WARN_UNUSED_FUNCTION = YES;
				GCC_WARN_UNUSED_VARIABLE = YES;
				IPHONEOS_DEPLOYMENT_TARGET = 14.0;
				MTL_ENABLE_DEBUG_INFO = NO;
				MTL_FAST_MATH = YES;
				SDKROOT = iphoneos;
				SWIFT_COMPILATION_MODE = wholemodule;
				SWIFT_OPTIMIZATION_LEVEL = "-O";
				VALIDATE_PRODUCT = YES;
			};
			name = Release;
		};
		2D3601C02559231D009E4388 /* Debug */ = {
			isa = XCBuildConfiguration;
			buildSettings = {
				ASSETCATALOG_COMPILER_APPICON_NAME = AppIcon;
				ASSETCATALOG_COMPILER_GLOBAL_ACCENT_COLOR_NAME = AccentColor;
				CODE_SIGN_STYLE = Automatic;
				DEVELOPMENT_TEAM = FM5NT9MLCT;
				INFOPLIST_FILE = "elisoft-test/Info.plist";
				LD_RUNPATH_SEARCH_PATHS = (
					"$(inherited)",
					"@executable_path/Frameworks",
				);
				PRODUCT_BUNDLE_IDENTIFIER = "dev.markg.test.elisoft-test";
				PRODUCT_NAME = "$(TARGET_NAME)";
				SWIFT_VERSION = 5.0;
				TARGETED_DEVICE_FAMILY = "1,2";
			};
			name = Debug;
		};
		2D3601C12559231D009E4388 /* Release */ = {
			isa = XCBuildConfiguration;
			buildSettings = {
				ASSETCATALOG_COMPILER_APPICON_NAME = AppIcon;
				ASSETCATALOG_COMPILER_GLOBAL_ACCENT_COLOR_NAME = AccentColor;
				CODE_SIGN_STYLE = Automatic;
				DEVELOPMENT_TEAM = FM5NT9MLCT;
				INFOPLIST_FILE = "elisoft-test/Info.plist";
				LD_RUNPATH_SEARCH_PATHS = (
					"$(inherited)",
					"@executable_path/Frameworks",
				);
				PRODUCT_BUNDLE_IDENTIFIER = "dev.markg.test.elisoft-test";
				PRODUCT_NAME = "$(TARGET_NAME)";
				SWIFT_VERSION = 5.0;
				TARGETED_DEVICE_FAMILY = "1,2";
			};
			name = Release;
		};
/* End XCBuildConfiguration section */

/* Begin XCConfigurationList section */
		2D3601A62559231B009E4388 /* Build configuration list for PBXProject "elisoft-test" */ = {
			isa = XCConfigurationList;
			buildConfigurations = (
				2D3601BD2559231D009E4388 /* Debug */,
				2D3601BE2559231D009E4388 /* Release */,
			);
			defaultConfigurationIsVisible = 0;
			defaultConfigurationName = Release;
		};
		2D3601BF2559231D009E4388 /* Build configuration list for PBXNativeTarget "elisoft-test" */ = {
			isa = XCConfigurationList;
			buildConfigurations = (
				2D3601C02559231D009E4388 /* Debug */,
				2D3601C12559231D009E4388 /* Release */,
			);
			defaultConfigurationIsVisible = 0;
			defaultConfigurationName = Release;
		};
/* End XCConfigurationList section */
	};
	rootObject = 2D3601A32559231B009E4388 /* Project object */;
}
